
Microsoft Visual Studio Solution File, Format Version 12.00
# Visual Studio Version 16
VisualStudioVersion = 16.0.30907.101
MinimumVisualStudioVersion = 10.0.40219.1
Project("{FAE04EC0-301F-11D3-BF4B-00C04F79EFBC}") = "04ComboBox", "04ComboBox\04ComboBox.csproj", "{A1872CA7-21AC-43B9-A74C-C2D1043BBA13}"
EndProject
Global
	GlobalSection(SolutionConfigurationPlatforms) = preSolution
		Debug|Any CPU = Debug|Any CPU
		Release|Any CPU = Release|Any CPU
	EndGlobalSection
	GlobalSection(ProjectConfigurationPlatforms) = postSolution
		{A1872CA7-21AC-43B9-A74C-C2D1043BBA13}.Debug|Any CPU.ActiveCfg = Debug|Any CPU
		{A1872CA7-21AC-43B9-A74C-C2D1043BBA13}.Debug|Any CPU.Build.0 = Debug|Any CPU
		{A1872CA7-21AC-43B9-A74C-C2D1043BBA13}.Release|Any CPU.ActiveCfg = Release|Any CPU
		{A1872CA7-21AC-43B9-A74C-C2D1043BBA13}.Release|Any CPU.Build.0 = Release|Any CPU
	EndGlobalSection
	GlobalSection(SolutionProperties) = preSolution
		HideSolutionNode = FALSE
	EndGlobalSection
	GlobalSection(ExtensibilityGlobals) = postSolution
		SolutionGuid = {54220026-EA37-4853-BB42-835ACD835A8A}
	EndGlobalSection
EndGlobal
