
Microsoft Visual Studio Solution File, Format Version 12.00
# Visual Studio Version 16
VisualStudioVersion = 16.0.30804.86
MinimumVisualStudioVersion = 10.0.40219.1
Project("{FAE04EC0-301F-11D3-BF4B-00C04F79EFBC}") = "DictionaryStudy", "DictionaryStudy\DictionaryStudy.csproj", "{D09933AA-F48F-4F22-AAE3-4D4050ACFA4E}"
EndProject
Global
	GlobalSection(SolutionConfigurationPlatforms) = preSolution
		Debug|Any CPU = Debug|Any CPU
		Release|Any CPU = Release|Any CPU
	EndGlobalSection
	GlobalSection(ProjectConfigurationPlatforms) = postSolution
		{D09933AA-F48F-4F22-AAE3-4D4050ACFA4E}.Debug|Any CPU.ActiveCfg = Debug|Any CPU
		{D09933AA-F48F-4F22-AAE3-4D4050ACFA4E}.Debug|Any CPU.Build.0 = Debug|Any CPU
		{D09933AA-F48F-4F22-AAE3-4D4050ACFA4E}.Release|Any CPU.ActiveCfg = Release|Any CPU
		{D09933AA-F48F-4F22-AAE3-4D4050ACFA4E}.Release|Any CPU.Build.0 = Release|Any CPU
	EndGlobalSection
	GlobalSection(SolutionProperties) = preSolution
		HideSolutionNode = FALSE
	EndGlobalSection
	GlobalSection(ExtensibilityGlobals) = postSolution
		SolutionGuid = {F37DAB7B-9FFB-4752-A428-58C02D64EEC6}
	EndGlobalSection
EndGlobal
