
Microsoft Visual Studio Solution File, Format Version 12.00
# Visual Studio Version 16
VisualStudioVersion = 16.0.30907.101
MinimumVisualStudioVersion = 10.0.40219.1
Project("{FAE04EC0-301F-11D3-BF4B-00C04F79EFBC}") = "06ComboAdd", "06ComboAdd\06ComboAdd.csproj", "{3ACCFA1D-F637-4738-87D2-8A9D2DB11866}"
EndProject
Global
	GlobalSection(SolutionConfigurationPlatforms) = preSolution
		Debug|Any CPU = Debug|Any CPU
		Release|Any CPU = Release|Any CPU
	EndGlobalSection
	GlobalSection(ProjectConfigurationPlatforms) = postSolution
		{3ACCFA1D-F637-4738-87D2-8A9D2DB11866}.Debug|Any CPU.ActiveCfg = Debug|Any CPU
		{3ACCFA1D-F637-4738-87D2-8A9D2DB11866}.Debug|Any CPU.Build.0 = Debug|Any CPU
		{3ACCFA1D-F637-4738-87D2-8A9D2DB11866}.Release|Any CPU.ActiveCfg = Release|Any CPU
		{3ACCFA1D-F637-4738-87D2-8A9D2DB11866}.Release|Any CPU.Build.0 = Release|Any CPU
	EndGlobalSection
	GlobalSection(SolutionProperties) = preSolution
		HideSolutionNode = FALSE
	EndGlobalSection
	GlobalSection(ExtensibilityGlobals) = postSolution
		SolutionGuid = {70F97A76-4426-418F-8247-EC5753121165}
	EndGlobalSection
EndGlobal
