
Microsoft Visual Studio Solution File, Format Version 12.00
# Visual Studio Version 16
VisualStudioVersion = 16.0.30804.86
MinimumVisualStudioVersion = 10.0.40219.1
Project("{FAE04EC0-301F-11D3-BF4B-00C04F79EFBC}") = "03Inheritance", "03Inheritance\03Inheritance.csproj", "{7C2167E8-303D-4976-87A9-CB834EB9E651}"
EndProject
Global
	GlobalSection(SolutionConfigurationPlatforms) = preSolution
		Debug|Any CPU = Debug|Any CPU
		Release|Any CPU = Release|Any CPU
	EndGlobalSection
	GlobalSection(ProjectConfigurationPlatforms) = postSolution
		{7C2167E8-303D-4976-87A9-CB834EB9E651}.Debug|Any CPU.ActiveCfg = Debug|Any CPU
		{7C2167E8-303D-4976-87A9-CB834EB9E651}.Debug|Any CPU.Build.0 = Debug|Any CPU
		{7C2167E8-303D-4976-87A9-CB834EB9E651}.Release|Any CPU.ActiveCfg = Release|Any CPU
		{7C2167E8-303D-4976-87A9-CB834EB9E651}.Release|Any CPU.Build.0 = Release|Any CPU
	EndGlobalSection
	GlobalSection(SolutionProperties) = preSolution
		HideSolutionNode = FALSE
	EndGlobalSection
	GlobalSection(ExtensibilityGlobals) = postSolution
		SolutionGuid = {0EF26341-09E0-4D2E-B7DA-2A1A73E398EF}
	EndGlobalSection
EndGlobal
