
Microsoft Visual Studio Solution File, Format Version 12.00
# Visual Studio Version 16
VisualStudioVersion = 16.0.30804.86
MinimumVisualStudioVersion = 10.0.40219.1
Project("{FAE04EC0-301F-11D3-BF4B-00C04F79EFBC}") = "02SampleRPG", "02SampleRPG\02SampleRPG.csproj", "{BD22E3D9-A5A6-4983-A554-55DC42F1974E}"
EndProject
Global
	GlobalSection(SolutionConfigurationPlatforms) = preSolution
		Debug|Any CPU = Debug|Any CPU
		Release|Any CPU = Release|Any CPU
	EndGlobalSection
	GlobalSection(ProjectConfigurationPlatforms) = postSolution
		{BD22E3D9-A5A6-4983-A554-55DC42F1974E}.Debug|Any CPU.ActiveCfg = Debug|Any CPU
		{BD22E3D9-A5A6-4983-A554-55DC42F1974E}.Debug|Any CPU.Build.0 = Debug|Any CPU
		{BD22E3D9-A5A6-4983-A554-55DC42F1974E}.Release|Any CPU.ActiveCfg = Release|Any CPU
		{BD22E3D9-A5A6-4983-A554-55DC42F1974E}.Release|Any CPU.Build.0 = Release|Any CPU
	EndGlobalSection
	GlobalSection(SolutionProperties) = preSolution
		HideSolutionNode = FALSE
	EndGlobalSection
	GlobalSection(ExtensibilityGlobals) = postSolution
		SolutionGuid = {D0210E7C-ED4F-496C-B236-4280230C0918}
	EndGlobalSection
EndGlobal
