
Microsoft Visual Studio Solution File, Format Version 12.00
# Visual Studio Version 16
VisualStudioVersion = 16.0.30907.101
MinimumVisualStudioVersion = 10.0.40219.1
Project("{FAE04EC0-301F-11D3-BF4B-00C04F79EFBC}") = "08OpenCvSharp", "08OpenCvSharp\08OpenCvSharp.csproj", "{7D849C88-7E2A-4FD7-9988-0393B26BBB25}"
EndProject
Global
	GlobalSection(SolutionConfigurationPlatforms) = preSolution
		Debug|Any CPU = Debug|Any CPU
		Release|Any CPU = Release|Any CPU
	EndGlobalSection
	GlobalSection(ProjectConfigurationPlatforms) = postSolution
		{7D849C88-7E2A-4FD7-9988-0393B26BBB25}.Debug|Any CPU.ActiveCfg = Debug|Any CPU
		{7D849C88-7E2A-4FD7-9988-0393B26BBB25}.Debug|Any CPU.Build.0 = Debug|Any CPU
		{7D849C88-7E2A-4FD7-9988-0393B26BBB25}.Release|Any CPU.ActiveCfg = Release|Any CPU
		{7D849C88-7E2A-4FD7-9988-0393B26BBB25}.Release|Any CPU.Build.0 = Release|Any CPU
	EndGlobalSection
	GlobalSection(SolutionProperties) = preSolution
		HideSolutionNode = FALSE
	EndGlobalSection
	GlobalSection(ExtensibilityGlobals) = postSolution
		SolutionGuid = {D07FABB4-CB29-48B1-B608-C763CE7E9710}
	EndGlobalSection
EndGlobal
